
Microsoft Visual Studio Solution File, Format Version 12.00
# Visual Studio Version 17
VisualStudioVersion = 17.1.32407.343
MinimumVisualStudioVersion = 10.0.40219.1
Project("{9A19103F-16F7-4668-BE54-9A1E7A4F7556}") = "RegisterUserCollectMoreInfo", "RegisterUserCollectMoreInfo.csproj", "{6CD12D4E-A81B-446E-99CE-AB78F89891AF}"
EndProject
Global
	GlobalSection(SolutionConfigurationPlatforms) = preSolution
		Debug|Any CPU = Debug|Any CPU
		Release|Any CPU = Release|Any CPU
	EndGlobalSection
	GlobalSection(ProjectConfigurationPlatforms) = postSolution
		{6CD12D4E-A81B-446E-99CE-AB78F89891AF}.Debug|Any CPU.ActiveCfg = Debug|Any CPU
		{6CD12D4E-A81B-446E-99CE-AB78F89891AF}.Debug|Any CPU.Build.0 = Debug|Any CPU
		{6CD12D4E-A81B-446E-99CE-AB78F89891AF}.Release|Any CPU.ActiveCfg = Release|Any CPU
		{6CD12D4E-A81B-446E-99CE-AB78F89891AF}.Release|Any CPU.Build.0 = Release|Any CPU
	EndGlobalSection
	GlobalSection(SolutionProperties) = preSolution
		HideSolutionNode = FALSE
	EndGlobalSection
	GlobalSection(ExtensibilityGlobals) = postSolution
		SolutionGuid = {ACB30251-78B9-4E3B-95E6-105E1961577A}
	EndGlobalSection
EndGlobal
